
Microsoft Visual Studio Solution File, Format Version 12.00
# Visual Studio 2013
VisualStudioVersion = 12.0.21005.1
MinimumVisualStudioVersion = 10.0.40219.1
Project("{8BC9CEB8-8B4A-11D0-8D11-00A0C91BC942}") = "ctp_quote_proxy", "2015_ctp_quote_proxy\ctp_quote_proxy.vcxproj", "{76521CE7-6FAE-41B2-A25A-245D09F67C20}"
EndProject
Project("{8BC9CEB8-8B4A-11D0-8D11-00A0C91BC942}") = "ctp_trade_proxy", "2015_ctp_trade_proxy\ctp_trade_proxy.vcxproj", "{7711E8DA-9A0F-4C13-9621-EF770D6CE9C0}"
EndProject
Project("{8BC9CEB8-8B4A-11D0-8D11-00A0C91BC942}") = "femas_quote_proxy", "2015_femas_quote_proxy\femas_quote_proxy.vcxproj", "{BE7BB44D-9ADB-43BF-A9DD-3F20F14262B5}"
EndProject
Project("{8BC9CEB8-8B4A-11D0-8D11-00A0C91BC942}") = "femas_trade_proxy", "2015_femas_trade_proxy\femas_trade_proxy.vcxproj", "{6EBAE21A-63E2-498A-9468-DEB599DEC3D3}"
EndProject
Project("{FAE04EC0-301F-11D3-BF4B-00C04F79EFBC}") = "quote", "2015_quote\quote.csproj", "{283E2963-E31C-4DF6-B682-13BE426181B2}"
EndProject
Project("{FAE04EC0-301F-11D3-BF4B-00C04F79EFBC}") = "2015_test", "2015_test\2015_test.csproj", "{346C7DB9-3D0D-4C73-A680-6AC9A85AB621}"
EndProject
Project("{FAE04EC0-301F-11D3-BF4B-00C04F79EFBC}") = "trade", "2015_trade\trade.csproj", "{1509C7E9-0111-4489-A1AF-042AB8345EC8}"
EndProject
Project("{8BC9CEB8-8B4A-11D0-8D11-00A0C91BC942}") = "xSpeed_quote_proxy", "2015_xSpeed_quote_proxy\xSpeed_quote_proxy.vcxproj", "{6E1BC098-F1EC-4A1C-BE2C-B8C2FE9FCED5}"
EndProject
Project("{8BC9CEB8-8B4A-11D0-8D11-00A0C91BC942}") = "xSpeed_trade_proxy", "2015_xSpeed_trade_proxy\xSpeed_trade_proxy.vcxproj", "{24679249-AB5B-4D8D-86C4-494B3767AE1B}"
EndProject
Global
	GlobalSection(SolutionConfigurationPlatforms) = preSolution
		Debug|Any CPU = Debug|Any CPU
		Debug|Mixed Platforms = Debug|Mixed Platforms
		Debug|Win32 = Debug|Win32
		Debug|x64 = Debug|x64
		Release|Any CPU = Release|Any CPU
		Release|Mixed Platforms = Release|Mixed Platforms
		Release|Win32 = Release|Win32
		Release|x64 = Release|x64
	EndGlobalSection
	GlobalSection(ProjectConfigurationPlatforms) = postSolution
		{76521CE7-6FAE-41B2-A25A-245D09F67C20}.Debug|Any CPU.ActiveCfg = Debug|Win32
		{76521CE7-6FAE-41B2-A25A-245D09F67C20}.Debug|Mixed Platforms.ActiveCfg = Debug|Win32
		{76521CE7-6FAE-41B2-A25A-245D09F67C20}.Debug|Mixed Platforms.Build.0 = Debug|Win32
		{76521CE7-6FAE-41B2-A25A-245D09F67C20}.Debug|Win32.ActiveCfg = Debug|Win32
		{76521CE7-6FAE-41B2-A25A-245D09F67C20}.Debug|Win32.Build.0 = Debug|Win32
		{76521CE7-6FAE-41B2-A25A-245D09F67C20}.Debug|x64.ActiveCfg = Debug|Win32
		{76521CE7-6FAE-41B2-A25A-245D09F67C20}.Release|Any CPU.ActiveCfg = Release|Win32
		{76521CE7-6FAE-41B2-A25A-245D09F67C20}.Release|Mixed Platforms.ActiveCfg = Release|Win32
		{76521CE7-6FAE-41B2-A25A-245D09F67C20}.Release|Mixed Platforms.Build.0 = Release|Win32
		{76521CE7-6FAE-41B2-A25A-245D09F67C20}.Release|Win32.ActiveCfg = Release|Win32
		{76521CE7-6FAE-41B2-A25A-245D09F67C20}.Release|Win32.Build.0 = Release|Win32
		{76521CE7-6FAE-41B2-A25A-245D09F67C20}.Release|x64.ActiveCfg = Release|Win32
		{7711E8DA-9A0F-4C13-9621-EF770D6CE9C0}.Debug|Any CPU.ActiveCfg = Debug|Win32
		{7711E8DA-9A0F-4C13-9621-EF770D6CE9C0}.Debug|Mixed Platforms.ActiveCfg = Debug|Win32
		{7711E8DA-9A0F-4C13-9621-EF770D6CE9C0}.Debug|Mixed Platforms.Build.0 = Debug|Win32
		{7711E8DA-9A0F-4C13-9621-EF770D6CE9C0}.Debug|Win32.ActiveCfg = Debug|Win32
		{7711E8DA-9A0F-4C13-9621-EF770D6CE9C0}.Debug|Win32.Build.0 = Debug|Win32
		{7711E8DA-9A0F-4C13-9621-EF770D6CE9C0}.Debug|x64.ActiveCfg = Debug|Win32
		{7711E8DA-9A0F-4C13-9621-EF770D6CE9C0}.Debug|x64.Build.0 = Debug|Win32
		{7711E8DA-9A0F-4C13-9621-EF770D6CE9C0}.Release|Any CPU.ActiveCfg = Release|Win32
		{7711E8DA-9A0F-4C13-9621-EF770D6CE9C0}.Release|Mixed Platforms.ActiveCfg = Release|Win32
		{7711E8DA-9A0F-4C13-9621-EF770D6CE9C0}.Release|Mixed Platforms.Build.0 = Release|Win32
		{7711E8DA-9A0F-4C13-9621-EF770D6CE9C0}.Release|Win32.ActiveCfg = Release|Win32
		{7711E8DA-9A0F-4C13-9621-EF770D6CE9C0}.Release|Win32.Build.0 = Release|Win32
		{7711E8DA-9A0F-4C13-9621-EF770D6CE9C0}.Release|x64.ActiveCfg = Release|x64
		{7711E8DA-9A0F-4C13-9621-EF770D6CE9C0}.Release|x64.Build.0 = Release|x64
		{BE7BB44D-9ADB-43BF-A9DD-3F20F14262B5}.Debug|Any CPU.ActiveCfg = Debug|Win32
		{BE7BB44D-9ADB-43BF-A9DD-3F20F14262B5}.Debug|Mixed Platforms.ActiveCfg = Debug|Win32
		{BE7BB44D-9ADB-43BF-A9DD-3F20F14262B5}.Debug|Mixed Platforms.Build.0 = Debug|Win32
		{BE7BB44D-9ADB-43BF-A9DD-3F20F14262B5}.Debug|Win32.ActiveCfg = Debug|Win32
		{BE7BB44D-9ADB-43BF-A9DD-3F20F14262B5}.Debug|Win32.Build.0 = Debug|Win32
		{BE7BB44D-9ADB-43BF-A9DD-3F20F14262B5}.Debug|x64.ActiveCfg = Debug|Win32
		{BE7BB44D-9ADB-43BF-A9DD-3F20F14262B5}.Release|Any CPU.ActiveCfg = Release|Win32
		{BE7BB44D-9ADB-43BF-A9DD-3F20F14262B5}.Release|Mixed Platforms.ActiveCfg = Release|Win32
		{BE7BB44D-9ADB-43BF-A9DD-3F20F14262B5}.Release|Mixed Platforms.Build.0 = Release|Win32
		{BE7BB44D-9ADB-43BF-A9DD-3F20F14262B5}.Release|Win32.ActiveCfg = Release|Win32
		{BE7BB44D-9ADB-43BF-A9DD-3F20F14262B5}.Release|Win32.Build.0 = Release|Win32
		{BE7BB44D-9ADB-43BF-A9DD-3F20F14262B5}.Release|x64.ActiveCfg = Release|Win32
		{6EBAE21A-63E2-498A-9468-DEB599DEC3D3}.Debug|Any CPU.ActiveCfg = Debug|Win32
		{6EBAE21A-63E2-498A-9468-DEB599DEC3D3}.Debug|Mixed Platforms.ActiveCfg = Debug|Win32
		{6EBAE21A-63E2-498A-9468-DEB599DEC3D3}.Debug|Mixed Platforms.Build.0 = Debug|Win32
		{6EBAE21A-63E2-498A-9468-DEB599DEC3D3}.Debug|Win32.ActiveCfg = Debug|Win32
		{6EBAE21A-63E2-498A-9468-DEB599DEC3D3}.Debug|Win32.Build.0 = Debug|Win32
		{6EBAE21A-63E2-498A-9468-DEB599DEC3D3}.Debug|x64.ActiveCfg = Debug|Win32
		{6EBAE21A-63E2-498A-9468-DEB599DEC3D3}.Release|Any CPU.ActiveCfg = Release|Win32
		{6EBAE21A-63E2-498A-9468-DEB599DEC3D3}.Release|Mixed Platforms.ActiveCfg = Release|Win32
		{6EBAE21A-63E2-498A-9468-DEB599DEC3D3}.Release|Mixed Platforms.Build.0 = Release|Win32
		{6EBAE21A-63E2-498A-9468-DEB599DEC3D3}.Release|Win32.ActiveCfg = Release|Win32
		{6EBAE21A-63E2-498A-9468-DEB599DEC3D3}.Release|Win32.Build.0 = Release|Win32
		{6EBAE21A-63E2-498A-9468-DEB599DEC3D3}.Release|x64.ActiveCfg = Release|Win32
		{283E2963-E31C-4DF6-B682-13BE426181B2}.Debug|Any CPU.ActiveCfg = Debug|Any CPU
		{283E2963-E31C-4DF6-B682-13BE426181B2}.Debug|Any CPU.Build.0 = Debug|Any CPU
		{283E2963-E31C-4DF6-B682-13BE426181B2}.Debug|Mixed Platforms.ActiveCfg = Debug|Any CPU
		{283E2963-E31C-4DF6-B682-13BE426181B2}.Debug|Mixed Platforms.Build.0 = Debug|Any CPU
		{283E2963-E31C-4DF6-B682-13BE426181B2}.Debug|Win32.ActiveCfg = Debug|Any CPU
		{283E2963-E31C-4DF6-B682-13BE426181B2}.Debug|x64.ActiveCfg = Debug|Any CPU
		{283E2963-E31C-4DF6-B682-13BE426181B2}.Release|Any CPU.ActiveCfg = Release|Any CPU
		{283E2963-E31C-4DF6-B682-13BE426181B2}.Release|Any CPU.Build.0 = Release|Any CPU
		{283E2963-E31C-4DF6-B682-13BE426181B2}.Release|Mixed Platforms.ActiveCfg = Release|Any CPU
		{283E2963-E31C-4DF6-B682-13BE426181B2}.Release|Mixed Platforms.Build.0 = Release|Any CPU
		{283E2963-E31C-4DF6-B682-13BE426181B2}.Release|Win32.ActiveCfg = Release|Any CPU
		{283E2963-E31C-4DF6-B682-13BE426181B2}.Release|x64.ActiveCfg = Release|Any CPU
		{346C7DB9-3D0D-4C73-A680-6AC9A85AB621}.Debug|Any CPU.ActiveCfg = Debug|Any CPU
		{346C7DB9-3D0D-4C73-A680-6AC9A85AB621}.Debug|Any CPU.Build.0 = Debug|Any CPU
		{346C7DB9-3D0D-4C73-A680-6AC9A85AB621}.Debug|Mixed Platforms.ActiveCfg = Debug|Any CPU
		{346C7DB9-3D0D-4C73-A680-6AC9A85AB621}.Debug|Mixed Platforms.Build.0 = Debug|Any CPU
		{346C7DB9-3D0D-4C73-A680-6AC9A85AB621}.Debug|Win32.ActiveCfg = Debug|Any CPU
		{346C7DB9-3D0D-4C73-A680-6AC9A85AB621}.Debug|x64.ActiveCfg = Debug|Any CPU
		{346C7DB9-3D0D-4C73-A680-6AC9A85AB621}.Release|Any CPU.ActiveCfg = Release|Any CPU
		{346C7DB9-3D0D-4C73-A680-6AC9A85AB621}.Release|Any CPU.Build.0 = Release|Any CPU
		{346C7DB9-3D0D-4C73-A680-6AC9A85AB621}.Release|Mixed Platforms.ActiveCfg = Release|Any CPU
		{346C7DB9-3D0D-4C73-A680-6AC9A85AB621}.Release|Mixed Platforms.Build.0 = Release|Any CPU
		{346C7DB9-3D0D-4C73-A680-6AC9A85AB621}.Release|Win32.ActiveCfg = Release|Any CPU
		{346C7DB9-3D0D-4C73-A680-6AC9A85AB621}.Release|x64.ActiveCfg = Release|Any CPU
		{1509C7E9-0111-4489-A1AF-042AB8345EC8}.Debug|Any CPU.ActiveCfg = Debug|Any CPU
		{1509C7E9-0111-4489-A1AF-042AB8345EC8}.Debug|Any CPU.Build.0 = Debug|Any CPU
		{1509C7E9-0111-4489-A1AF-042AB8345EC8}.Debug|Mixed Platforms.ActiveCfg = Debug|Any CPU
		{1509C7E9-0111-4489-A1AF-042AB8345EC8}.Debug|Mixed Platforms.Build.0 = Debug|Any CPU
		{1509C7E9-0111-4489-A1AF-042AB8345EC8}.Debug|Win32.ActiveCfg = Debug|Any CPU
		{1509C7E9-0111-4489-A1AF-042AB8345EC8}.Debug|x64.ActiveCfg = Debug|Any CPU
		{1509C7E9-0111-4489-A1AF-042AB8345EC8}.Release|Any CPU.ActiveCfg = Release|Any CPU
		{1509C7E9-0111-4489-A1AF-042AB8345EC8}.Release|Any CPU.Build.0 = Release|Any CPU
		{1509C7E9-0111-4489-A1AF-042AB8345EC8}.Release|Mixed Platforms.ActiveCfg = Release|Any CPU
		{1509C7E9-0111-4489-A1AF-042AB8345EC8}.Release|Mixed Platforms.Build.0 = Release|Any CPU
		{1509C7E9-0111-4489-A1AF-042AB8345EC8}.Release|Win32.ActiveCfg = Release|Any CPU
		{1509C7E9-0111-4489-A1AF-042AB8345EC8}.Release|x64.ActiveCfg = Release|Any CPU
		{6E1BC098-F1EC-4A1C-BE2C-B8C2FE9FCED5}.Debug|Any CPU.ActiveCfg = Debug|Win32
		{6E1BC098-F1EC-4A1C-BE2C-B8C2FE9FCED5}.Debug|Mixed Platforms.ActiveCfg = Debug|Win32
		{6E1BC098-F1EC-4A1C-BE2C-B8C2FE9FCED5}.Debug|Mixed Platforms.Build.0 = Debug|Win32
		{6E1BC098-F1EC-4A1C-BE2C-B8C2FE9FCED5}.Debug|Win32.ActiveCfg = Debug|Win32
		{6E1BC098-F1EC-4A1C-BE2C-B8C2FE9FCED5}.Debug|Win32.Build.0 = Debug|Win32
		{6E1BC098-F1EC-4A1C-BE2C-B8C2FE9FCED5}.Debug|x64.ActiveCfg = Debug|Win32
		{6E1BC098-F1EC-4A1C-BE2C-B8C2FE9FCED5}.Release|Any CPU.ActiveCfg = Release|Win32
		{6E1BC098-F1EC-4A1C-BE2C-B8C2FE9FCED5}.Release|Mixed Platforms.ActiveCfg = Release|Win32
		{6E1BC098-F1EC-4A1C-BE2C-B8C2FE9FCED5}.Release|Mixed Platforms.Build.0 = Release|Win32
		{6E1BC098-F1EC-4A1C-BE2C-B8C2FE9FCED5}.Release|Win32.ActiveCfg = Release|Win32
		{6E1BC098-F1EC-4A1C-BE2C-B8C2FE9FCED5}.Release|Win32.Build.0 = Release|Win32
		{6E1BC098-F1EC-4A1C-BE2C-B8C2FE9FCED5}.Release|x64.ActiveCfg = Release|Win32
		{24679249-AB5B-4D8D-86C4-494B3767AE1B}.Debug|Any CPU.ActiveCfg = Debug|Win32
		{24679249-AB5B-4D8D-86C4-494B3767AE1B}.Debug|Mixed Platforms.ActiveCfg = Debug|Win32
		{24679249-AB5B-4D8D-86C4-494B3767AE1B}.Debug|Mixed Platforms.Build.0 = Debug|Win32
		{24679249-AB5B-4D8D-86C4-494B3767AE1B}.Debug|Win32.ActiveCfg = Debug|Win32
		{24679249-AB5B-4D8D-86C4-494B3767AE1B}.Debug|Win32.Build.0 = Debug|Win32
		{24679249-AB5B-4D8D-86C4-494B3767AE1B}.Debug|x64.ActiveCfg = Debug|Win32
		{24679249-AB5B-4D8D-86C4-494B3767AE1B}.Release|Any CPU.ActiveCfg = Release|Win32
		{24679249-AB5B-4D8D-86C4-494B3767AE1B}.Release|Mixed Platforms.ActiveCfg = Release|Win32
		{24679249-AB5B-4D8D-86C4-494B3767AE1B}.Release|Mixed Platforms.Build.0 = Release|Win32
		{24679249-AB5B-4D8D-86C4-494B3767AE1B}.Release|Win32.ActiveCfg = Release|Win32
		{24679249-AB5B-4D8D-86C4-494B3767AE1B}.Release|Win32.Build.0 = Release|Win32
		{24679249-AB5B-4D8D-86C4-494B3767AE1B}.Release|x64.ActiveCfg = Release|Win32
	EndGlobalSection
	GlobalSection(SolutionProperties) = preSolution
		HideSolutionNode = FALSE
	EndGlobalSection
EndGlobal
